{
  "name": "@eagle/react-data-grid-addons",
  "version": "5.0.7",
  "lockfileVersion": 1,
  "requires": true,
  "dependencies": {
    "jquery": {
      "version": "2.2.4",
      "resolved": "https://registry.npmjs.org/jquery/-/jquery-2.2.4.tgz",
      "integrity": "sha1-LInWiJterFIqfuoywUUhVZxsvwI=",
      "dev": true
    },
    "lodash": {
      "version": "4.17.21",
      "resolved": "https://registry.npmjs.org/lodash/-/lodash-4.17.21.tgz",
      "integrity": "sha512-v2kDEe57lecTulaDIuNTPy3Ry4gLGJ6Z1O3vE1krgXZNrsQ+LFTGHVxVjcXPs17LhbZVGedAJv8XZ1tvj5FvSg==",
      "dev": true
    },
    "lodash.groupby": {
      "version": "4.6.0",
      "resolved": "https://registry.npmjs.org/lodash.groupby/-/lodash.groupby-4.6.0.tgz",
      "integrity": "sha1-Cwih3PaDl8OXhVwyOXg4Mt90A9E=",
      "dev": true
    },
    "react-data-grid": {
      "version": "5.0.5",
      "resolved": "https://registry.npmjs.org/react-data-grid/-/react-data-grid-5.0.5.tgz",
      "integrity": "sha512-OR4LDoOpN4yj3NexaxYFS2OEIYFUk2V5lascPTHgtTMwwkb163tEPqQSertkv2YAJu+YBzIm8epW8+UMip1LPw=="
    }
  }
}
